
Microsoft Visual Studio Solution File, Format Version 12.00
# Visual Studio Version 17
VisualStudioVersion = 17.0.31903.59
MinimumVisualStudioVersion = 10.0.40219.1
Project("{2150E333-8FDC-42A3-9474-1A3956D46DE8}") = "src", "src", "{295AFDF1-9057-4A24-BFC3-AE6DEE58E37C}"
EndProject
Project("{FAE04EC0-301F-11D3-BF4B-00C04F79EFBC}") = "AuctionService", "src\AuctionService\AuctionService.csproj", "{D6BC5BC2-17EE-458C-B1F8-8E5E4778DDEC}"
EndProject
Global
	GlobalSection(SolutionConfigurationPlatforms) = preSolution
		Debug|Any CPU = Debug|Any CPU
		Release|Any CPU = Release|Any CPU
	EndGlobalSection
	GlobalSection(SolutionProperties) = preSolution
		HideSolutionNode = FALSE
	EndGlobalSection
	GlobalSection(ProjectConfigurationPlatforms) = postSolution
		{D6BC5BC2-17EE-458C-B1F8-8E5E4778DDEC}.Debug|Any CPU.ActiveCfg = Debug|Any CPU
		{D6BC5BC2-17EE-458C-B1F8-8E5E4778DDEC}.Debug|Any CPU.Build.0 = Debug|Any CPU
		{D6BC5BC2-17EE-458C-B1F8-8E5E4778DDEC}.Release|Any CPU.ActiveCfg = Release|Any CPU
		{D6BC5BC2-17EE-458C-B1F8-8E5E4778DDEC}.Release|Any CPU.Build.0 = Release|Any CPU
	EndGlobalSection
	GlobalSection(NestedProjects) = preSolution
		{D6BC5BC2-17EE-458C-B1F8-8E5E4778DDEC} = {295AFDF1-9057-4A24-BFC3-AE6DEE58E37C}
	EndGlobalSection
EndGlobal
